
Microsoft Visual Studio Solution File, Format Version 12.00
# Visual Studio 2012
Project("{FAE04EC0-301F-11D3-BF4B-00C04F79EFBC}") = "HyperCore", "HyperCore\HyperCore.csproj", "{31E320FF-FC81-4EA8-8136-328352497107}"
EndProject
Project("{FAE04EC0-301F-11D3-BF4B-00C04F79EFBC}") = "Demo", "Demo\Demo.csproj", "{CBB1E031-7B93-4B19-85E7-C56554BA1C6E}"
EndProject
Project("{FAE04EC0-301F-11D3-BF4B-00C04F79EFBC}") = "HyperMTG(ModerUI)", "HyperMTG(ModerUI)\HyperMTG(ModerUI).csproj", "{C879C911-BA38-42D7-8E4E-CBAD19F64127}"
EndProject
Project("{2150E333-8FDC-42A3-9474-1A3956D46DE8}") = "HyperKore", "HyperKore", "{084DD00E-AD24-42DF-95CC-65A7ACAFC4DB}"
EndProject
Project("{FAE04EC0-301F-11D3-BF4B-00C04F79EFBC}") = "HyperKore", "HyperKore\HyperKore.csproj", "{373D6166-5DD7-4F94-B1F3-87469D51EA75}"
EndProject
Project("{2150E333-8FDC-42A3-9474-1A3956D46DE8}") = "Plugins", "Plugins", "{B6812BDC-F9DB-4FA5-B72A-F5CCAD959CCC}"
EndProject
Project("{FAE04EC0-301F-11D3-BF4B-00C04F79EFBC}") = "GZipIO", "GZipIO\GZipIO.csproj", "{348B3650-92FC-4A2F-8CF7-9CF41E4AADC5}"
EndProject
Project("{FAE04EC0-301F-11D3-BF4B-00C04F79EFBC}") = "SQLiteIO", "SQLiteIO\SQLiteIO.csproj", "{5241E112-0EC0-4B33-9F5F-47BF59A835AC}"
EndProject
Project("{FAE04EC0-301F-11D3-BF4B-00C04F79EFBC}") = "VirtualPlaytable", "VirtualPlayTable\VirtualPlaytable.csproj", "{E60412FB-F554-4F11-8463-2347AFE095A6}"
EndProject
Project("{FAE04EC0-301F-11D3-BF4B-00C04F79EFBC}") = "MagicWorkstation", "MagicWorkstation\MagicWorkstation.csproj", "{D814C20A-6C27-47D6-8E55-64D9B9DC9911}"
EndProject
Project("{FAE04EC0-301F-11D3-BF4B-00C04F79EFBC}") = "Mage", "Mage\Mage.csproj", "{6323A3DA-9B4E-4035-935B-B20D9B7AAEDA}"
EndProject
Project("{FAE04EC0-301F-11D3-BF4B-00C04F79EFBC}") = "MagicOnline", "MagicOnline\MagicOnline.csproj", "{4BF7E377-8478-465B-9B3C-37FD206ACDE5}"
EndProject
Global
	GlobalSection(SolutionConfigurationPlatforms) = preSolution
		Debug|Any CPU = Debug|Any CPU
		Release|Any CPU = Release|Any CPU
	EndGlobalSection
	GlobalSection(ProjectConfigurationPlatforms) = postSolution
		{31E320FF-FC81-4EA8-8136-328352497107}.Debug|Any CPU.ActiveCfg = Debug|Any CPU
		{31E320FF-FC81-4EA8-8136-328352497107}.Debug|Any CPU.Build.0 = Debug|Any CPU
		{31E320FF-FC81-4EA8-8136-328352497107}.Release|Any CPU.ActiveCfg = Release|Any CPU
		{31E320FF-FC81-4EA8-8136-328352497107}.Release|Any CPU.Build.0 = Release|Any CPU
		{CBB1E031-7B93-4B19-85E7-C56554BA1C6E}.Debug|Any CPU.ActiveCfg = Debug|Any CPU
		{CBB1E031-7B93-4B19-85E7-C56554BA1C6E}.Debug|Any CPU.Build.0 = Debug|Any CPU
		{CBB1E031-7B93-4B19-85E7-C56554BA1C6E}.Release|Any CPU.ActiveCfg = Release|Any CPU
		{CBB1E031-7B93-4B19-85E7-C56554BA1C6E}.Release|Any CPU.Build.0 = Release|Any CPU
		{C879C911-BA38-42D7-8E4E-CBAD19F64127}.Debug|Any CPU.ActiveCfg = Debug|Any CPU
		{C879C911-BA38-42D7-8E4E-CBAD19F64127}.Debug|Any CPU.Build.0 = Debug|Any CPU
		{C879C911-BA38-42D7-8E4E-CBAD19F64127}.Release|Any CPU.ActiveCfg = Release|Any CPU
		{C879C911-BA38-42D7-8E4E-CBAD19F64127}.Release|Any CPU.Build.0 = Release|Any CPU
		{373D6166-5DD7-4F94-B1F3-87469D51EA75}.Debug|Any CPU.ActiveCfg = Debug|Any CPU
		{373D6166-5DD7-4F94-B1F3-87469D51EA75}.Debug|Any CPU.Build.0 = Debug|Any CPU
		{373D6166-5DD7-4F94-B1F3-87469D51EA75}.Release|Any CPU.ActiveCfg = Release|Any CPU
		{373D6166-5DD7-4F94-B1F3-87469D51EA75}.Release|Any CPU.Build.0 = Release|Any CPU
		{348B3650-92FC-4A2F-8CF7-9CF41E4AADC5}.Debug|Any CPU.ActiveCfg = Debug|Any CPU
		{348B3650-92FC-4A2F-8CF7-9CF41E4AADC5}.Debug|Any CPU.Build.0 = Debug|Any CPU
		{348B3650-92FC-4A2F-8CF7-9CF41E4AADC5}.Release|Any CPU.ActiveCfg = Release|Any CPU
		{348B3650-92FC-4A2F-8CF7-9CF41E4AADC5}.Release|Any CPU.Build.0 = Release|Any CPU
		{5241E112-0EC0-4B33-9F5F-47BF59A835AC}.Debug|Any CPU.ActiveCfg = Debug|Any CPU
		{5241E112-0EC0-4B33-9F5F-47BF59A835AC}.Debug|Any CPU.Build.0 = Debug|Any CPU
		{5241E112-0EC0-4B33-9F5F-47BF59A835AC}.Release|Any CPU.ActiveCfg = Release|Any CPU
		{5241E112-0EC0-4B33-9F5F-47BF59A835AC}.Release|Any CPU.Build.0 = Release|Any CPU
		{E60412FB-F554-4F11-8463-2347AFE095A6}.Debug|Any CPU.ActiveCfg = Debug|Any CPU
		{E60412FB-F554-4F11-8463-2347AFE095A6}.Debug|Any CPU.Build.0 = Debug|Any CPU
		{E60412FB-F554-4F11-8463-2347AFE095A6}.Release|Any CPU.ActiveCfg = Release|Any CPU
		{E60412FB-F554-4F11-8463-2347AFE095A6}.Release|Any CPU.Build.0 = Release|Any CPU
		{D814C20A-6C27-47D6-8E55-64D9B9DC9911}.Debug|Any CPU.ActiveCfg = Debug|Any CPU
		{D814C20A-6C27-47D6-8E55-64D9B9DC9911}.Debug|Any CPU.Build.0 = Debug|Any CPU
		{D814C20A-6C27-47D6-8E55-64D9B9DC9911}.Release|Any CPU.ActiveCfg = Release|Any CPU
		{D814C20A-6C27-47D6-8E55-64D9B9DC9911}.Release|Any CPU.Build.0 = Release|Any CPU
		{6323A3DA-9B4E-4035-935B-B20D9B7AAEDA}.Debug|Any CPU.ActiveCfg = Debug|Any CPU
		{6323A3DA-9B4E-4035-935B-B20D9B7AAEDA}.Debug|Any CPU.Build.0 = Debug|Any CPU
		{6323A3DA-9B4E-4035-935B-B20D9B7AAEDA}.Release|Any CPU.ActiveCfg = Release|Any CPU
		{6323A3DA-9B4E-4035-935B-B20D9B7AAEDA}.Release|Any CPU.Build.0 = Release|Any CPU
		{4BF7E377-8478-465B-9B3C-37FD206ACDE5}.Debug|Any CPU.ActiveCfg = Debug|Any CPU
		{4BF7E377-8478-465B-9B3C-37FD206ACDE5}.Debug|Any CPU.Build.0 = Debug|Any CPU
		{4BF7E377-8478-465B-9B3C-37FD206ACDE5}.Release|Any CPU.ActiveCfg = Release|Any CPU
		{4BF7E377-8478-465B-9B3C-37FD206ACDE5}.Release|Any CPU.Build.0 = Release|Any CPU
	EndGlobalSection
	GlobalSection(SolutionProperties) = preSolution
		HideSolutionNode = FALSE
	EndGlobalSection
	GlobalSection(NestedProjects) = preSolution
		{373D6166-5DD7-4F94-B1F3-87469D51EA75} = {084DD00E-AD24-42DF-95CC-65A7ACAFC4DB}
		{B6812BDC-F9DB-4FA5-B72A-F5CCAD959CCC} = {084DD00E-AD24-42DF-95CC-65A7ACAFC4DB}
		{348B3650-92FC-4A2F-8CF7-9CF41E4AADC5} = {B6812BDC-F9DB-4FA5-B72A-F5CCAD959CCC}
		{5241E112-0EC0-4B33-9F5F-47BF59A835AC} = {B6812BDC-F9DB-4FA5-B72A-F5CCAD959CCC}
		{E60412FB-F554-4F11-8463-2347AFE095A6} = {B6812BDC-F9DB-4FA5-B72A-F5CCAD959CCC}
		{D814C20A-6C27-47D6-8E55-64D9B9DC9911} = {B6812BDC-F9DB-4FA5-B72A-F5CCAD959CCC}
		{6323A3DA-9B4E-4035-935B-B20D9B7AAEDA} = {B6812BDC-F9DB-4FA5-B72A-F5CCAD959CCC}
		{4BF7E377-8478-465B-9B3C-37FD206ACDE5} = {B6812BDC-F9DB-4FA5-B72A-F5CCAD959CCC}
	EndGlobalSection
EndGlobal
